
Microsoft Visual Studio Solution File, Format Version 12.00
# Visual Studio Version 16
VisualStudioVersion = 16.0.31424.327
MinimumVisualStudioVersion = 10.0.40219.1
Project("{FAE04EC0-301F-11D3-BF4B-00C04F79EFBC}") = "HST", "HST\HST.csproj", "{ABA842AE-E51D-471B-AA2F-FF0B5E66D5C8}"
EndProject
Global
	GlobalSection(SolutionConfigurationPlatforms) = preSolution
		Debug|Any CPU = Debug|Any CPU
		Release|Any CPU = Release|Any CPU
	EndGlobalSection
	GlobalSection(ProjectConfigurationPlatforms) = postSolution
		{ABA842AE-E51D-471B-AA2F-FF0B5E66D5C8}.Debug|Any CPU.ActiveCfg = Debug|Any CPU
		{ABA842AE-E51D-471B-AA2F-FF0B5E66D5C8}.Debug|Any CPU.Build.0 = Debug|Any CPU
		{ABA842AE-E51D-471B-AA2F-FF0B5E66D5C8}.Release|Any CPU.ActiveCfg = Release|Any CPU
		{ABA842AE-E51D-471B-AA2F-FF0B5E66D5C8}.Release|Any CPU.Build.0 = Release|Any CPU
	EndGlobalSection
	GlobalSection(SolutionProperties) = preSolution
		HideSolutionNode = FALSE
	EndGlobalSection
	GlobalSection(ExtensibilityGlobals) = postSolution
		SolutionGuid = {3725A8D6-5AAB-4568-A9F1-011BFC017453}
	EndGlobalSection
EndGlobal
